
Microsoft Visual Studio Solution File, Format Version 12.00
# Visual Studio Version 17
VisualStudioVersion = 17.8.34408.163
MinimumVisualStudioVersion = 10.0.40219.1
Project("{FAE04EC0-301F-11D3-BF4B-00C04F79EFBC}") = "Рекурсия", "Рекурсия.csproj", "{F3B428D5-368E-4565-AB02-5CFF86DD1241}"
EndProject
Global
	GlobalSection(SolutionConfigurationPlatforms) = preSolution
		Debug|Any CPU = Debug|Any CPU
		Release|Any CPU = Release|Any CPU
	EndGlobalSection
	GlobalSection(ProjectConfigurationPlatforms) = postSolution
		{F3B428D5-368E-4565-AB02-5CFF86DD1241}.Debug|Any CPU.ActiveCfg = Debug|Any CPU
		{F3B428D5-368E-4565-AB02-5CFF86DD1241}.Debug|Any CPU.Build.0 = Debug|Any CPU
		{F3B428D5-368E-4565-AB02-5CFF86DD1241}.Release|Any CPU.ActiveCfg = Release|Any CPU
		{F3B428D5-368E-4565-AB02-5CFF86DD1241}.Release|Any CPU.Build.0 = Release|Any CPU
	EndGlobalSection
	GlobalSection(SolutionProperties) = preSolution
		HideSolutionNode = FALSE
	EndGlobalSection
	GlobalSection(ExtensibilityGlobals) = postSolution
		SolutionGuid = {8C9C9D60-5616-4165-9041-EC8E129D1F60}
	EndGlobalSection
EndGlobal
